// !$*UTF8*$!
{
	archiveVersion = 1;
	classes = {
	};
	objectVersion = 51;
	objects = {

/* Begin PBXBuildFile section */
		052ED7EE968270434EACAB29 /* Pods_TwitterClone.framework in Frameworks */ = {isa = PBXBuildFile; fileRef = 801912393D65EE06B5CD05CF /* Pods_TwitterClone.framework */; };
		6B152F8D2587BCA9004C05C9 /* AppDelegate.swift in Sources */ = {isa = PBXBuildFile; fileRef = 6B152F8C2587BCA9004C05C9 /* AppDelegate.swift */; };
		6B152F8F2587BCA9004C05C9 /* SceneDelegate.swift in Sources */ = {isa = PBXBuildFile; fileRef = 6B152F8E2587BCA9004C05C9 /* SceneDelegate.swift */; };
		6B152F942587BCA9004C05C9 /* Main.storyboard in Resources */ = {isa = PBXBuildFile; fileRef = 6B152F922587BCA9004C05C9 /* Main.storyboard */; };
		6B152F962587BCAB004C05C9 /* Assets.xcassets in Resources */ = {isa = PBXBuildFile; fileRef = 6B152F952587BCAB004C05C9 /* Assets.xcassets */; };
		6B152F992587BCAB004C05C9 /* LaunchScreen.storyboard in Resources */ = {isa = PBXBuildFile; fileRef = 6B152F972587BCAB004C05C9 /* LaunchScreen.storyboard */; };
		6B152FAC2587BDAA004C05C9 /* MainTabController.swift in Sources */ = {isa = PBXBuildFile; fileRef = 6B152FAB2587BDAA004C05C9 /* MainTabController.swift */; };
		6B152FAF2587C0FB004C05C9 /* FeedController.swift in Sources */ = {isa = PBXBuildFile; fileRef = 6B152FAE2587C0FB004C05C9 /* FeedController.swift */; };
		6B152FB22587C15F004C05C9 /* ExploreController.swift in Sources */ = {isa = PBXBuildFile; fileRef = 6B152FB12587C15F004C05C9 /* ExploreController.swift */; };
		6B152FB92587C17B004C05C9 /* NotificationsController.swift in Sources */ = {isa = PBXBuildFile; fileRef = 6B152FB82587C17B004C05C9 /* NotificationsController.swift */; };
		6B152FBC2587C193004C05C9 /* ConversationsController.swift in Sources */ = {isa = PBXBuildFile; fileRef = 6B152FBB2587C193004C05C9 /* ConversationsController.swift */; };
		6B152FBF2587CBC3004C05C9 /* Extensions.swift in Sources */ = {isa = PBXBuildFile; fileRef = 6B152FBE2587CBC3004C05C9 /* Extensions.swift */; };
		6B152FC32588D354004C05C9 /* LoginController.swift in Sources */ = {isa = PBXBuildFile; fileRef = 6B152FC22588D354004C05C9 /* LoginController.swift */; };
		6B152FC62588D3B1004C05C9 /* RegistrationController.swift in Sources */ = {isa = PBXBuildFile; fileRef = 6B152FC52588D3B1004C05C9 /* RegistrationController.swift */; };
		6B152FC92588D986004C05C9 /* Utilities.swift in Sources */ = {isa = PBXBuildFile; fileRef = 6B152FC82588D986004C05C9 /* Utilities.swift */; };
		6B152FF625891AE6004C05C9 /* GoogleService-Info.plist in Resources */ = {isa = PBXBuildFile; fileRef = 6B152FF525891AE6004C05C9 /* GoogleService-Info.plist */; };
		6B152FF9258921FA004C05C9 /* Constants.swift in Sources */ = {isa = PBXBuildFile; fileRef = 6B152FF8258921FA004C05C9 /* Constants.swift */; };
		6B152FFC258BA831004C05C9 /* AuthService.swift in Sources */ = {isa = PBXBuildFile; fileRef = 6B152FFB258BA831004C05C9 /* AuthService.swift */; };
		6B152FFF258C657C004C05C9 /* UserService.swift in Sources */ = {isa = PBXBuildFile; fileRef = 6B152FFE258C657C004C05C9 /* UserService.swift */; };
		6B153002258C69DC004C05C9 /* User.swift in Sources */ = {isa = PBXBuildFile; fileRef = 6B153001258C69DC004C05C9 /* User.swift */; };
		6B15301D258E5204004C05C9 /* UploadTweetController.swift in Sources */ = {isa = PBXBuildFile; fileRef = 6B15301C258E5204004C05C9 /* UploadTweetController.swift */; };
		6B153020258E5DC5004C05C9 /* CaptionTextView.swift in Sources */ = {isa = PBXBuildFile; fileRef = 6B15301F258E5DC5004C05C9 /* CaptionTextView.swift */; };
		6B153023258E66CD004C05C9 /* TweetService.swift in Sources */ = {isa = PBXBuildFile; fileRef = 6B153022258E66CD004C05C9 /* TweetService.swift */; };
		6B153026258E6C1B004C05C9 /* Tweet.swift in Sources */ = {isa = PBXBuildFile; fileRef = 6B153025258E6C1B004C05C9 /* Tweet.swift */; };
/* End PBXBuildFile section */

/* Begin PBXFileReference section */
		4D2CC680339A16ABFA1B21FC /* Pods-TwitterClone.debug.xcconfig */ = {isa = PBXFileReference; includeInIndex = 1; lastKnownFileType = text.xcconfig; name = "Pods-TwitterClone.debug.xcconfig"; path = "Target Support Files/Pods-TwitterClone/Pods-TwitterClone.debug.xcconfig"; sourceTree = "<group>"; };
		6B152F892587BCA9004C05C9 /* TwitterClone.app */ = {isa = PBXFileReference; explicitFileType = wrapper.application; includeInIndex = 0; path = TwitterClone.app; sourceTree = BUILT_PRODUCTS_DIR; };
		6B152F8C2587BCA9004C05C9 /* AppDelegate.swift */ = {isa = PBXFileReference; lastKnownFileType = sourcecode.swift; path = AppDelegate.swift; sourceTree = "<group>"; };
		6B152F8E2587BCA9004C05C9 /* SceneDelegate.swift */ = {isa = PBXFileReference; lastKnownFileType = sourcecode.swift; path = SceneDelegate.swift; sourceTree = "<group>"; };
		6B152F932587BCA9004C05C9 /* Base */ = {isa = PBXFileReference; lastKnownFileType = file.storyboard; name = Base; path = Base.lproj/Main.storyboard; sourceTree = "<group>"; };
		6B152F952587BCAB004C05C9 /* Assets.xcassets */ = {isa = PBXFileReference; lastKnownFileType = folder.assetcatalog; path = Assets.xcassets; sourceTree = "<group>"; };
		6B152F982587BCAB004C05C9 /* Base */ = {isa = PBXFileReference; lastKnownFileType = file.storyboard; name = Base; path = Base.lproj/LaunchScreen.storyboard; sourceTree = "<group>"; };
		6B152F9A2587BCAB004C05C9 /* Info.plist */ = {isa = PBXFileReference; lastKnownFileType = text.plist.xml; path = Info.plist; sourceTree = "<group>"; };
		6B152FAB2587BDAA004C05C9 /* MainTabController.swift */ = {isa = PBXFileReference; lastKnownFileType = sourcecode.swift; path = MainTabController.swift; sourceTree = "<group>"; };
		6B152FAE2587C0FB004C05C9 /* FeedController.swift */ = {isa = PBXFileReference; lastKnownFileType = sourcecode.swift; path = FeedController.swift; sourceTree = "<group>"; };
		6B152FB12587C15F004C05C9 /* ExploreController.swift */ = {isa = PBXFileReference; lastKnownFileType = sourcecode.swift; path = ExploreController.swift; sourceTree = "<group>"; };
		6B152FB82587C17B004C05C9 /* NotificationsController.swift */ = {isa = PBXFileReference; lastKnownFileType = sourcecode.swift; path = NotificationsController.swift; sourceTree = "<group>"; };
		6B152FBB2587C193004C05C9 /* ConversationsController.swift */ = {isa = PBXFileReference; lastKnownFileType = sourcecode.swift; path = ConversationsController.swift; sourceTree = "<group>"; };
		6B152FBE2587CBC3004C05C9 /* Extensions.swift */ = {isa = PBXFileReference; lastKnownFileType = sourcecode.swift; path = Extensions.swift; sourceTree = "<group>"; };
		6B152FC22588D354004C05C9 /* LoginController.swift */ = {isa = PBXFileReference; lastKnownFileType = sourcecode.swift; path = LoginController.swift; sourceTree = "<group>"; };
		6B152FC52588D3B1004C05C9 /* RegistrationController.swift */ = {isa = PBXFileReference; lastKnownFileType = sourcecode.swift; path = RegistrationController.swift; sourceTree = "<group>"; };
		6B152FC82588D986004C05C9 /* Utilities.swift */ = {isa = PBXFileReference; lastKnownFileType = sourcecode.swift; path = Utilities.swift; sourceTree = "<group>"; };
		6B152FF525891AE6004C05C9 /* GoogleService-Info.plist */ = {isa = PBXFileReference; fileEncoding = 4; lastKnownFileType = text.plist.xml; path = "GoogleService-Info.plist"; sourceTree = "<group>"; };
		6B152FF8258921FA004C05C9 /* Constants.swift */ = {isa = PBXFileReference; lastKnownFileType = sourcecode.swift; path = Constants.swift; sourceTree = "<group>"; };
		6B152FFB258BA831004C05C9 /* AuthService.swift */ = {isa = PBXFileReference; lastKnownFileType = sourcecode.swift; path = AuthService.swift; sourceTree = "<group>"; };
		6B152FFE258C657C004C05C9 /* UserService.swift */ = {isa = PBXFileReference; lastKnownFileType = sourcecode.swift; path = UserService.swift; sourceTree = "<group>"; };
		6B153001258C69DC004C05C9 /* User.swift */ = {isa = PBXFileReference; lastKnownFileType = sourcecode.swift; path = User.swift; sourceTree = "<group>"; };
		6B15301C258E5204004C05C9 /* UploadTweetController.swift */ = {isa = PBXFileReference; lastKnownFileType = sourcecode.swift; path = UploadTweetController.swift; sourceTree = "<group>"; };
		6B15301F258E5DC5004C05C9 /* CaptionTextView.swift */ = {isa = PBXFileReference; lastKnownFileType = sourcecode.swift; path = CaptionTextView.swift; sourceTree = "<group>"; };
		6B153022258E66CD004C05C9 /* TweetService.swift */ = {isa = PBXFileReference; lastKnownFileType = sourcecode.swift; path = TweetService.swift; sourceTree = "<group>"; };
		6B153025258E6C1B004C05C9 /* Tweet.swift */ = {isa = PBXFileReference; lastKnownFileType = sourcecode.swift; path = Tweet.swift; sourceTree = "<group>"; };
		801912393D65EE06B5CD05CF /* Pods_TwitterClone.framework */ = {isa = PBXFileReference; explicitFileType = wrapper.framework; includeInIndex = 0; path = Pods_TwitterClone.framework; sourceTree = BUILT_PRODUCTS_DIR; };
		D620AE58F58E498862680B71 /* Pods-TwitterClone.release.xcconfig */ = {isa = PBXFileReference; includeInIndex = 1; lastKnownFileType = text.xcconfig; name = "Pods-TwitterClone.release.xcconfig"; path = "Target Support Files/Pods-TwitterClone/Pods-TwitterClone.release.xcconfig"; sourceTree = "<group>"; };
/* End PBXFileReference section */

/* Begin PBXFrameworksBuildPhase section */
		6B152F862587BCA9004C05C9 /* Frameworks */ = {
			isa = PBXFrameworksBuildPhase;
			buildActionMask = 2147483647;
			files = (
				052ED7EE968270434EACAB29 /* Pods_TwitterClone.framework in Frameworks */,
			);
			runOnlyForDeploymentPostprocessing = 0;
		};
/* End PBXFrameworksBuildPhase section */

/* Begin PBXGroup section */
		05EA2752B3AEFE5346102EE3 /* Frameworks */ = {
			isa = PBXGroup;
			children = (
				801912393D65EE06B5CD05CF /* Pods_TwitterClone.framework */,
			);
			name = Frameworks;
			sourceTree = "<group>";
		};
		340E31E0F9C9C25A1D613C14 /* Pods */ = {
			isa = PBXGroup;
			children = (
				4D2CC680339A16ABFA1B21FC /* Pods-TwitterClone.debug.xcconfig */,
				D620AE58F58E498862680B71 /* Pods-TwitterClone.release.xcconfig */,
			);
			path = Pods;
			sourceTree = "<group>";
		};
		6B152F802587BCA9004C05C9 = {
			isa = PBXGroup;
			children = (
				6B152F8B2587BCA9004C05C9 /* TwitterClone */,
				6B152F8A2587BCA9004C05C9 /* Products */,
				340E31E0F9C9C25A1D613C14 /* Pods */,
				05EA2752B3AEFE5346102EE3 /* Frameworks */,
			);
			sourceTree = "<group>";
		};
		6B152F8A2587BCA9004C05C9 /* Products */ = {
			isa = PBXGroup;
			children = (
				6B152F892587BCA9004C05C9 /* TwitterClone.app */,
			);
			name = Products;
			sourceTree = "<group>";
		};
		6B152F8B2587BCA9004C05C9 /* TwitterClone */ = {
			isa = PBXGroup;
			children = (
				6B152FA72587BCE4004C05C9 /* Model */,
				6B152FA62587BCE1004C05C9 /* View */,
				6B152FA52587BCDE004C05C9 /* ViewModel */,
				6B152FA22587BCD9004C05C9 /* Controller */,
				6B152FA12587BCCA004C05C9 /* API */,
				6B152FA82587BD03004C05C9 /* Utils */,
				6B152F8C2587BCA9004C05C9 /* AppDelegate.swift */,
				6B152F8E2587BCA9004C05C9 /* SceneDelegate.swift */,
				6B152F922587BCA9004C05C9 /* Main.storyboard */,
				6B152F952587BCAB004C05C9 /* Assets.xcassets */,
				6B152F972587BCAB004C05C9 /* LaunchScreen.storyboard */,
				6B152FF525891AE6004C05C9 /* GoogleService-Info.plist */,
				6B152F9A2587BCAB004C05C9 /* Info.plist */,
			);
			path = TwitterClone;
			sourceTree = "<group>";
		};
		6B152FA12587BCCA004C05C9 /* API */ = {
			isa = PBXGroup;
			children = (
				6B152FFB258BA831004C05C9 /* AuthService.swift */,
				6B152FFE258C657C004C05C9 /* UserService.swift */,
				6B153022258E66CD004C05C9 /* TweetService.swift */,
			);
			path = API;
			sourceTree = "<group>";
		};
		6B152FA22587BCD9004C05C9 /* Controller */ = {
			isa = PBXGroup;
			children = (
				6B152FC12588D31D004C05C9 /* Authentication */,
				6B152FAB2587BDAA004C05C9 /* MainTabController.swift */,
				6B152FAE2587C0FB004C05C9 /* FeedController.swift */,
				6B152FB12587C15F004C05C9 /* ExploreController.swift */,
				6B152FB82587C17B004C05C9 /* NotificationsController.swift */,
				6B152FBB2587C193004C05C9 /* ConversationsController.swift */,
				6B15301C258E5204004C05C9 /* UploadTweetController.swift */,
			);
			path = Controller;
			sourceTree = "<group>";
		};
		6B152FA52587BCDE004C05C9 /* ViewModel */ = {
			isa = PBXGroup;
			children = (
			);
			path = ViewModel;
			sourceTree = "<group>";
		};
		6B152FA62587BCE1004C05C9 /* View */ = {
			isa = PBXGroup;
			children = (
				6B15301F258E5DC5004C05C9 /* CaptionTextView.swift */,
			);
			path = View;
			sourceTree = "<group>";
		};
		6B152FA72587BCE4004C05C9 /* Model */ = {
			isa = PBXGroup;
			children = (
				6B153001258C69DC004C05C9 /* User.swift */,
				6B153025258E6C1B004C05C9 /* Tweet.swift */,
			);
			path = Model;
			sourceTree = "<group>";
		};
		6B152FA82587BD03004C05C9 /* Utils */ = {
			isa = PBXGroup;
			children = (
				6B152FBE2587CBC3004C05C9 /* Extensions.swift */,
				6B152FC82588D986004C05C9 /* Utilities.swift */,
				6B152FF8258921FA004C05C9 /* Constants.swift */,
			);
			path = Utils;
			sourceTree = "<group>";
		};
		6B152FC12588D31D004C05C9 /* Authentication */ = {
			isa = PBXGroup;
			children = (
				6B152FC22588D354004C05C9 /* LoginController.swift */,
				6B152FC52588D3B1004C05C9 /* RegistrationController.swift */,
			);
			path = Authentication;
			sourceTree = "<group>";
		};
/* End PBXGroup section */

/* Begin PBXNativeTarget section */
		6B152F882587BCA9004C05C9 /* TwitterClone */ = {
			isa = PBXNativeTarget;
			buildConfigurationList = 6B152F9D2587BCAB004C05C9 /* Build configuration list for PBXNativeTarget "TwitterClone" */;
			buildPhases = (
				FAB76B3FAABC09F7491E35C3 /* [CP] Check Pods Manifest.lock */,
				6B152F852587BCA9004C05C9 /* Sources */,
				6B152F862587BCA9004C05C9 /* Frameworks */,
				6B152F872587BCA9004C05C9 /* Resources */,
				1D3EA6BB111020B727031BD8 /* [CP] Embed Pods Frameworks */,
			);
			buildRules = (
			);
			dependencies = (
			);
			name = TwitterClone;
			productName = TwitterClone;
			productReference = 6B152F892587BCA9004C05C9 /* TwitterClone.app */;
			productType = "com.apple.product-type.application";
		};
/* End PBXNativeTarget section */

/* Begin PBXProject section */
		6B152F812587BCA9004C05C9 /* Project object */ = {
			isa = PBXProject;
			attributes = {
				LastSwiftUpdateCheck = 1220;
				LastUpgradeCheck = 1220;
				TargetAttributes = {
					6B152F882587BCA9004C05C9 = {
						CreatedOnToolsVersion = 12.2;
					};
				};
			};
			buildConfigurationList = 6B152F842587BCA9004C05C9 /* Build configuration list for PBXProject "TwitterClone" */;
			compatibilityVersion = "Xcode 9.3";
			developmentRegion = en;
			hasScannedForEncodings = 0;
			knownRegions = (
				en,
				Base,
			);
			mainGroup = 6B152F802587BCA9004C05C9;
			productRefGroup = 6B152F8A2587BCA9004C05C9 /* Products */;
			projectDirPath = "";
			projectRoot = "";
			targets = (
				6B152F882587BCA9004C05C9 /* TwitterClone */,
			);
		};
/* End PBXProject section */

/* Begin PBXResourcesBuildPhase section */
		6B152F872587BCA9004C05C9 /* Resources */ = {
			isa = PBXResourcesBuildPhase;
			buildActionMask = 2147483647;
			files = (
				6B152F992587BCAB004C05C9 /* LaunchScreen.storyboard in Resources */,
				6B152FF625891AE6004C05C9 /* GoogleService-Info.plist in Resources */,
				6B152F962587BCAB004C05C9 /* Assets.xcassets in Resources */,
				6B152F942587BCA9004C05C9 /* Main.storyboard in Resources */,
			);
			runOnlyForDeploymentPostprocessing = 0;
		};
/* End PBXResourcesBuildPhase section */

/* Begin PBXShellScriptBuildPhase section */
		1D3EA6BB111020B727031BD8 /* [CP] Embed Pods Frameworks */ = {
			isa = PBXShellScriptBuildPhase;
			buildActionMask = 2147483647;
			files = (
			);
			inputFileListPaths = (
				"${PODS_ROOT}/Target Support Files/Pods-TwitterClone/Pods-TwitterClone-frameworks-${CONFIGURATION}-input-files.xcfilelist",
			);
			name = "[CP] Embed Pods Frameworks";
			outputFileListPaths = (
				"${PODS_ROOT}/Target Support Files/Pods-TwitterClone/Pods-TwitterClone-frameworks-${CONFIGURATION}-output-files.xcfilelist",
			);
			runOnlyForDeploymentPostprocessing = 0;
			shellPath = /bin/sh;
			shellScript = "\"${PODS_ROOT}/Target Support Files/Pods-TwitterClone/Pods-TwitterClone-frameworks.sh\"\n";
			showEnvVarsInLog = 0;
		};
		FAB76B3FAABC09F7491E35C3 /* [CP] Check Pods Manifest.lock */ = {
			isa = PBXShellScriptBuildPhase;
			buildActionMask = 2147483647;
			files = (
			);
			inputFileListPaths = (
			);
			inputPaths = (
				"${PODS_PODFILE_DIR_PATH}/Podfile.lock",
				"${PODS_ROOT}/Manifest.lock",
			);
			name = "[CP] Check Pods Manifest.lock";
			outputFileListPaths = (
			);
			outputPaths = (
				"$(DERIVED_FILE_DIR)/Pods-TwitterClone-checkManifestLockResult.txt",
			);
			runOnlyForDeploymentPostprocessing = 0;
			shellPath = /bin/sh;
			shellScript = "diff \"${PODS_PODFILE_DIR_PATH}/Podfile.lock\" \"${PODS_ROOT}/Manifest.lock\" > /dev/null\nif [ $? != 0 ] ; then\n    # print error to STDERR\n    echo \"error: The sandbox is not in sync with the Podfile.lock. Run 'pod install' or update your CocoaPods installation.\" >&2\n    exit 1\nfi\n# This output is used by Xcode 'outputs' to avoid re-running this script phase.\necho \"SUCCESS\" > \"${SCRIPT_OUTPUT_FILE_0}\"\n";
			showEnvVarsInLog = 0;
		};
/* End PBXShellScriptBuildPhase section */

/* Begin PBXSourcesBuildPhase section */
		6B152F852587BCA9004C05C9 /* Sources */ = {
			isa = PBXSourcesBuildPhase;
			buildActionMask = 2147483647;
			files = (
				6B152FFF258C657C004C05C9 /* UserService.swift in Sources */,
				6B152FB92587C17B004C05C9 /* NotificationsController.swift in Sources */,
				6B153020258E5DC5004C05C9 /* CaptionTextView.swift in Sources */,
				6B152FBC2587C193004C05C9 /* ConversationsController.swift in Sources */,
				6B152FC92588D986004C05C9 /* Utilities.swift in Sources */,
				6B152F8D2587BCA9004C05C9 /* AppDelegate.swift in Sources */,
				6B152FBF2587CBC3004C05C9 /* Extensions.swift in Sources */,
				6B152FC32588D354004C05C9 /* LoginController.swift in Sources */,
				6B152FFC258BA831004C05C9 /* AuthService.swift in Sources */,
				6B15301D258E5204004C05C9 /* UploadTweetController.swift in Sources */,
				6B153002258C69DC004C05C9 /* User.swift in Sources */,
				6B152FB22587C15F004C05C9 /* ExploreController.swift in Sources */,
				6B152F8F2587BCA9004C05C9 /* SceneDelegate.swift in Sources */,
				6B152FAC2587BDAA004C05C9 /* MainTabController.swift in Sources */,
				6B152FC62588D3B1004C05C9 /* RegistrationController.swift in Sources */,
				6B152FAF2587C0FB004C05C9 /* FeedController.swift in Sources */,
				6B152FF9258921FA004C05C9 /* Constants.swift in Sources */,
				6B153026258E6C1B004C05C9 /* Tweet.swift in Sources */,
				6B153023258E66CD004C05C9 /* TweetService.swift in Sources */,
			);
			runOnlyForDeploymentPostprocessing = 0;
		};
/* End PBXSourcesBuildPhase section */

/* Begin PBXVariantGroup section */
		6B152F922587BCA9004C05C9 /* Main.storyboard */ = {
			isa = PBXVariantGroup;
			children = (
				6B152F932587BCA9004C05C9 /* Base */,
			);
			name = Main.storyboard;
			sourceTree = "<group>";
		};
		6B152F972587BCAB004C05C9 /* LaunchScreen.storyboard */ = {
			isa = PBXVariantGroup;
			children = (
				6B152F982587BCAB004C05C9 /* Base */,
			);
			name = LaunchScreen.storyboard;
			sourceTree = "<group>";
		};
/* End PBXVariantGroup section */

/* Begin XCBuildConfiguration section */
		6B152F9B2587BCAB004C05C9 /* Debug */ = {
			isa = XCBuildConfiguration;
			buildSettings = {
				ALWAYS_SEARCH_USER_PATHS = NO;
				CLANG_ANALYZER_NONNULL = YES;
				CLANG_ANALYZER_NUMBER_OBJECT_CONVERSION = YES_AGGRESSIVE;
				CLANG_CXX_LANGUAGE_STANDARD = "gnu++14";
				CLANG_CXX_LIBRARY = "libc++";
				CLANG_ENABLE_MODULES = YES;
				CLANG_ENABLE_OBJC_ARC = YES;
				CLANG_ENABLE_OBJC_WEAK = YES;
				CLANG_WARN_BLOCK_CAPTURE_AUTORELEASING = YES;
				CLANG_WARN_BOOL_CONVERSION = YES;
				CLANG_WARN_COMMA = YES;
				CLANG_WARN_CONSTANT_CONVERSION = YES;
				CLANG_WARN_DEPRECATED_OBJC_IMPLEMENTATIONS = YES;
				CLANG_WARN_DIRECT_OBJC_ISA_USAGE = YES_ERROR;
				CLANG_WARN_DOCUMENTATION_COMMENTS = YES;
				CLANG_WARN_EMPTY_BODY = YES;
				CLANG_WARN_ENUM_CONVERSION = YES;
				CLANG_WARN_INFINITE_RECURSION = YES;
				CLANG_WARN_INT_CONVERSION = YES;
				CLANG_WARN_NON_LITERAL_NULL_CONVERSION = YES;
				CLANG_WARN_OBJC_IMPLICIT_RETAIN_SELF = YES;
				CLANG_WARN_OBJC_LITERAL_CONVERSION = YES;
				CLANG_WARN_OBJC_ROOT_CLASS = YES_ERROR;
				CLANG_WARN_QUOTED_INCLUDE_IN_FRAMEWORK_HEADER = YES;
				CLANG_WARN_RANGE_LOOP_ANALYSIS = YES;
				CLANG_WARN_STRICT_PROTOTYPES = YES;
				CLANG_WARN_SUSPICIOUS_MOVE = YES;
				CLANG_WARN_UNGUARDED_AVAILABILITY = YES_AGGRESSIVE;
				CLANG_WARN_UNREACHABLE_CODE = YES;
				CLANG_WARN__DUPLICATE_METHOD_MATCH = YES;
				COPY_PHASE_STRIP = NO;
				DEBUG_INFORMATION_FORMAT = dwarf;
				ENABLE_STRICT_OBJC_MSGSEND = YES;
				ENABLE_TESTABILITY = YES;
				GCC_C_LANGUAGE_STANDARD = gnu11;
				GCC_DYNAMIC_NO_PIC = NO;
				GCC_NO_COMMON_BLOCKS = YES;
				GCC_OPTIMIZATION_LEVEL = 0;
				GCC_PREPROCESSOR_DEFINITIONS = (
					"DEBUG=1",
					"$(inherited)",
				);
				GCC_WARN_64_TO_32_BIT_CONVERSION = YES;
				GCC_WARN_ABOUT_RETURN_TYPE = YES_ERROR;
				GCC_WARN_UNDECLARED_SELECTOR = YES;
				GCC_WARN_UNINITIALIZED_AUTOS = YES_AGGRESSIVE;
				GCC_WARN_UNUSED_FUNCTION = YES;
				GCC_WARN_UNUSED_VARIABLE = YES;
				IPHONEOS_DEPLOYMENT_TARGET = 14.2;
				MTL_ENABLE_DEBUG_INFO = INCLUDE_SOURCE;
				MTL_FAST_MATH = YES;
				ONLY_ACTIVE_ARCH = YES;
				SDKROOT = iphoneos;
				SWIFT_ACTIVE_COMPILATION_CONDITIONS = DEBUG;
				SWIFT_OPTIMIZATION_LEVEL = "-Onone";
			};
			name = Debug;
		};
		6B152F9C2587BCAB004C05C9 /* Release */ = {
			isa = XCBuildConfiguration;
			buildSettings = {
				ALWAYS_SEARCH_USER_PATHS = NO;
				CLANG_ANALYZER_NONNULL = YES;
				CLANG_ANALYZER_NUMBER_OBJECT_CONVERSION = YES_AGGRESSIVE;
				CLANG_CXX_LANGUAGE_STANDARD = "gnu++14";
				CLANG_CXX_LIBRARY = "libc++";
				CLANG_ENABLE_MODULES = YES;
				CLANG_ENABLE_OBJC_ARC = YES;
				CLANG_ENABLE_OBJC_WEAK = YES;
				CLANG_WARN_BLOCK_CAPTURE_AUTORELEASING = YES;
				CLANG_WARN_BOOL_CONVERSION = YES;
				CLANG_WARN_COMMA = YES;
				CLANG_WARN_CONSTANT_CONVERSION = YES;
				CLANG_WARN_DEPRECATED_OBJC_IMPLEMENTATIONS = YES;
				CLANG_WARN_DIRECT_OBJC_ISA_USAGE = YES_ERROR;
				CLANG_WARN_DOCUMENTATION_COMMENTS = YES;
				CLANG_WARN_EMPTY_BODY = YES;
				CLANG_WARN_ENUM_CONVERSION = YES;
				CLANG_WARN_INFINITE_RECURSION = YES;
				CLANG_WARN_INT_CONVERSION = YES;
				CLANG_WARN_NON_LITERAL_NULL_CONVERSION = YES;
				CLANG_WARN_OBJC_IMPLICIT_RETAIN_SELF = YES;
				CLANG_WARN_OBJC_LITERAL_CONVERSION = YES;
				CLANG_WARN_OBJC_ROOT_CLASS = YES_ERROR;
				CLANG_WARN_QUOTED_INCLUDE_IN_FRAMEWORK_HEADER = YES;
				CLANG_WARN_RANGE_LOOP_ANALYSIS = YES;
				CLANG_WARN_STRICT_PROTOTYPES = YES;
				CLANG_WARN_SUSPICIOUS_MOVE = YES;
				CLANG_WARN_UNGUARDED_AVAILABILITY = YES_AGGRESSIVE;
				CLANG_WARN_UNREACHABLE_CODE = YES;
				CLANG_WARN__DUPLICATE_METHOD_MATCH = YES;
				COPY_PHASE_STRIP = NO;
				DEBUG_INFORMATION_FORMAT = "dwarf-with-dsym";
				ENABLE_NS_ASSERTIONS = NO;
				ENABLE_STRICT_OBJC_MSGSEND = YES;
				GCC_C_LANGUAGE_STANDARD = gnu11;
				GCC_NO_COMMON_BLOCKS = YES;
				GCC_WARN_64_TO_32_BIT_CONVERSION = YES;
				GCC_WARN_ABOUT_RETURN_TYPE = YES_ERROR;
				GCC_WARN_UNDECLARED_SELECTOR = YES;
				GCC_WARN_UNINITIALIZED_AUTOS = YES_AGGRESSIVE;
				GCC_WARN_UNUSED_FUNCTION = YES;
				GCC_WARN_UNUSED_VARIABLE = YES;
				IPHONEOS_DEPLOYMENT_TARGET = 14.2;
				MTL_ENABLE_DEBUG_INFO = NO;
				MTL_FAST_MATH = YES;
				SDKROOT = iphoneos;
				SWIFT_COMPILATION_MODE = wholemodule;
				SWIFT_OPTIMIZATION_LEVEL = "-O";
				VALIDATE_PRODUCT = YES;
			};
			name = Release;
		};
		6B152F9E2587BCAB004C05C9 /* Debug */ = {
			isa = XCBuildConfiguration;
			baseConfigurationReference = 4D2CC680339A16ABFA1B21FC /* Pods-TwitterClone.debug.xcconfig */;
			buildSettings = {
				ASSETCATALOG_COMPILER_APPICON_NAME = AppIcon;
				ASSETCATALOG_COMPILER_GLOBAL_ACCENT_COLOR_NAME = AccentColor;
				CODE_SIGN_STYLE = Automatic;
				DEVELOPMENT_TEAM = CNMQE42DQF;
				INFOPLIST_FILE = TwitterClone/Info.plist;
				LD_RUNPATH_SEARCH_PATHS = (
					"$(inherited)",
					"@executable_path/Frameworks",
				);
				PRODUCT_BUNDLE_IDENTIFIER = com.buzz.TwitterClone;
				PRODUCT_NAME = "$(TARGET_NAME)";
				SWIFT_VERSION = 5.0;
				TARGETED_DEVICE_FAMILY = "1,2";
			};
			name = Debug;
		};
		6B152F9F2587BCAB004C05C9 /* Release */ = {
			isa = XCBuildConfiguration;
			baseConfigurationReference = D620AE58F58E498862680B71 /* Pods-TwitterClone.release.xcconfig */;
			buildSettings = {
				ASSETCATALOG_COMPILER_APPICON_NAME = AppIcon;
				ASSETCATALOG_COMPILER_GLOBAL_ACCENT_COLOR_NAME = AccentColor;
				CODE_SIGN_STYLE = Automatic;
				DEVELOPMENT_TEAM = CNMQE42DQF;
				INFOPLIST_FILE = TwitterClone/Info.plist;
				LD_RUNPATH_SEARCH_PATHS = (
					"$(inherited)",
					"@executable_path/Frameworks",
				);
				PRODUCT_BUNDLE_IDENTIFIER = com.buzz.TwitterClone;
				PRODUCT_NAME = "$(TARGET_NAME)";
				SWIFT_VERSION = 5.0;
				TARGETED_DEVICE_FAMILY = "1,2";
			};
			name = Release;
		};
/* End XCBuildConfiguration section */

/* Begin XCConfigurationList section */
		6B152F842587BCA9004C05C9 /* Build configuration list for PBXProject "TwitterClone" */ = {
			isa = XCConfigurationList;
			buildConfigurations = (
				6B152F9B2587BCAB004C05C9 /* Debug */,
				6B152F9C2587BCAB004C05C9 /* Release */,
			);
			defaultConfigurationIsVisible = 0;
			defaultConfigurationName = Release;
		};
		6B152F9D2587BCAB004C05C9 /* Build configuration list for PBXNativeTarget "TwitterClone" */ = {
			isa = XCConfigurationList;
			buildConfigurations = (
				6B152F9E2587BCAB004C05C9 /* Debug */,
				6B152F9F2587BCAB004C05C9 /* Release */,
			);
			defaultConfigurationIsVisible = 0;
			defaultConfigurationName = Release;
		};
/* End XCConfigurationList section */
	};
	rootObject = 6B152F812587BCA9004C05C9 /* Project object */;
}
