// !$*UTF8*$!
{
	archiveVersion = 1;
	classes = {
	};
	objectVersion = 50;
	objects = {

/* Begin PBXBuildFile section */
		1487DBB4C2B7EF941D33894D /* Pods_OurSpace.framework in Frameworks */ = {isa = PBXBuildFile; fileRef = 1BB3F3D2EBE6E02B52E53CD2 /* Pods_OurSpace.framework */; };
		5C6E5A5821FCBB4B0045C88D /* StartViewController.swift in Sources */ = {isa = PBXBuildFile; fileRef = 5C6E5A5721FCBB4B0045C88D /* StartViewController.swift */; };
		5C6E5A5A21FCC29B0045C88D /* ProvideObject.swift in Sources */ = {isa = PBXBuildFile; fileRef = 5C6E5A5921FCC29B0045C88D /* ProvideObject.swift */; };
		5C6E5A6221FCD4710045C88D /* CommonExtensions.swift in Sources */ = {isa = PBXBuildFile; fileRef = 5C6E5A6121FCD4710045C88D /* CommonExtensions.swift */; };
		5C6E5A6721FCEABD0045C88D /* CreateRoomViewController.swift in Sources */ = {isa = PBXBuildFile; fileRef = 5C6E5A6621FCEABD0045C88D /* CreateRoomViewController.swift */; };
		5C6E5A6921FCFB340045C88D /* CustomNavigationView.swift in Sources */ = {isa = PBXBuildFile; fileRef = 5C6E5A6821FCFB340045C88D /* CustomNavigationView.swift */; };
		5C6E5A6D21FD69860045C88D /* CreateRoomViewModel.swift in Sources */ = {isa = PBXBuildFile; fileRef = 5C6E5A6C21FD69860045C88D /* CreateRoomViewModel.swift */; };
		5C6E5A6F21FD6A920045C88D /* GoogleService-Info.plist in Resources */ = {isa = PBXBuildFile; fileRef = 5C6E5A6E21FD6A920045C88D /* GoogleService-Info.plist */; };
		5CC72D4B21FB0B3E0077E723 /* AppDelegate.swift in Sources */ = {isa = PBXBuildFile; fileRef = 5CC72D4A21FB0B3E0077E723 /* AppDelegate.swift */; };
		5CC72D5021FB0B3E0077E723 /* Main.storyboard in Resources */ = {isa = PBXBuildFile; fileRef = 5CC72D4E21FB0B3E0077E723 /* Main.storyboard */; };
		5CC72D5221FB0B3E0077E723 /* Assets.xcassets in Resources */ = {isa = PBXBuildFile; fileRef = 5CC72D5121FB0B3E0077E723 /* Assets.xcassets */; };
		5CC72D5521FB0B3E0077E723 /* LaunchScreen.storyboard in Resources */ = {isa = PBXBuildFile; fileRef = 5CC72D5321FB0B3E0077E723 /* LaunchScreen.storyboard */; };
		5CC72D5D21FEDCE90077E723 /* CommonReactive.swift in Sources */ = {isa = PBXBuildFile; fileRef = 5CC72D5C21FEDCE90077E723 /* CommonReactive.swift */; };
		5CC72D5F21FEE4E20077E723 /* App.swift in Sources */ = {isa = PBXBuildFile; fileRef = 5CC72D5E21FEE4E20077E723 /* App.swift */; };
		5CC72D6321FFEF9E0077E723 /* CreateRoomInfoViewController.swift in Sources */ = {isa = PBXBuildFile; fileRef = 5CC72D6221FFEF9E0077E723 /* CreateRoomInfoViewController.swift */; };
		5CC72D6721FFF04E0077E723 /* CreateRoomInfoViewModel.swift in Sources */ = {isa = PBXBuildFile; fileRef = 5CC72D6621FFF04E0077E723 /* CreateRoomInfoViewModel.swift */; };
		5CC72D6A220180D20077E723 /* CreateRoom.swift in Sources */ = {isa = PBXBuildFile; fileRef = 5CC72D69220180D20077E723 /* CreateRoom.swift */; };
		5CC72D6C2201816A0077E723 /* User.swift in Sources */ = {isa = PBXBuildFile; fileRef = 5CC72D6B2201816A0077E723 /* User.swift */; };
		5CC72D6E220186A00077E723 /* Error.swift in Sources */ = {isa = PBXBuildFile; fileRef = 5CC72D6D220186A00077E723 /* Error.swift */; };
/* End PBXBuildFile section */

/* Begin PBXFileReference section */
		1BB3F3D2EBE6E02B52E53CD2 /* Pods_OurSpace.framework */ = {isa = PBXFileReference; explicitFileType = wrapper.framework; includeInIndex = 0; path = Pods_OurSpace.framework; sourceTree = BUILT_PRODUCTS_DIR; };
		5C6E5A5721FCBB4B0045C88D /* StartViewController.swift */ = {isa = PBXFileReference; lastKnownFileType = sourcecode.swift; path = StartViewController.swift; sourceTree = "<group>"; };
		5C6E5A5921FCC29B0045C88D /* ProvideObject.swift */ = {isa = PBXFileReference; lastKnownFileType = sourcecode.swift; path = ProvideObject.swift; sourceTree = "<group>"; };
		5C6E5A6121FCD4710045C88D /* CommonExtensions.swift */ = {isa = PBXFileReference; lastKnownFileType = sourcecode.swift; path = CommonExtensions.swift; sourceTree = "<group>"; };
		5C6E5A6621FCEABD0045C88D /* CreateRoomViewController.swift */ = {isa = PBXFileReference; lastKnownFileType = sourcecode.swift; path = CreateRoomViewController.swift; sourceTree = "<group>"; };
		5C6E5A6821FCFB340045C88D /* CustomNavigationView.swift */ = {isa = PBXFileReference; lastKnownFileType = sourcecode.swift; path = CustomNavigationView.swift; sourceTree = "<group>"; };
		5C6E5A6C21FD69860045C88D /* CreateRoomViewModel.swift */ = {isa = PBXFileReference; lastKnownFileType = sourcecode.swift; path = CreateRoomViewModel.swift; sourceTree = "<group>"; };
		5C6E5A6E21FD6A920045C88D /* GoogleService-Info.plist */ = {isa = PBXFileReference; fileEncoding = 4; lastKnownFileType = text.plist.xml; path = "GoogleService-Info.plist"; sourceTree = "<group>"; };
		5CC72D4721FB0B3E0077E723 /* OurSpace.app */ = {isa = PBXFileReference; explicitFileType = wrapper.application; includeInIndex = 0; path = OurSpace.app; sourceTree = BUILT_PRODUCTS_DIR; };
		5CC72D4A21FB0B3E0077E723 /* AppDelegate.swift */ = {isa = PBXFileReference; lastKnownFileType = sourcecode.swift; path = AppDelegate.swift; sourceTree = "<group>"; };
		5CC72D4F21FB0B3E0077E723 /* Base */ = {isa = PBXFileReference; lastKnownFileType = file.storyboard; name = Base; path = Base.lproj/Main.storyboard; sourceTree = "<group>"; };
		5CC72D5121FB0B3E0077E723 /* Assets.xcassets */ = {isa = PBXFileReference; lastKnownFileType = folder.assetcatalog; path = Assets.xcassets; sourceTree = "<group>"; };
		5CC72D5421FB0B3E0077E723 /* Base */ = {isa = PBXFileReference; lastKnownFileType = file.storyboard; name = Base; path = Base.lproj/LaunchScreen.storyboard; sourceTree = "<group>"; };
		5CC72D5621FB0B3E0077E723 /* Info.plist */ = {isa = PBXFileReference; lastKnownFileType = text.plist.xml; path = Info.plist; sourceTree = "<group>"; };
		5CC72D5C21FEDCE90077E723 /* CommonReactive.swift */ = {isa = PBXFileReference; lastKnownFileType = sourcecode.swift; path = CommonReactive.swift; sourceTree = "<group>"; };
		5CC72D5E21FEE4E20077E723 /* App.swift */ = {isa = PBXFileReference; lastKnownFileType = sourcecode.swift; path = App.swift; sourceTree = "<group>"; };
		5CC72D6221FFEF9E0077E723 /* CreateRoomInfoViewController.swift */ = {isa = PBXFileReference; lastKnownFileType = sourcecode.swift; path = CreateRoomInfoViewController.swift; sourceTree = "<group>"; };
		5CC72D6621FFF04E0077E723 /* CreateRoomInfoViewModel.swift */ = {isa = PBXFileReference; lastKnownFileType = sourcecode.swift; path = CreateRoomInfoViewModel.swift; sourceTree = "<group>"; };
		5CC72D69220180D20077E723 /* CreateRoom.swift */ = {isa = PBXFileReference; lastKnownFileType = sourcecode.swift; path = CreateRoom.swift; sourceTree = "<group>"; };
		5CC72D6B2201816A0077E723 /* User.swift */ = {isa = PBXFileReference; lastKnownFileType = sourcecode.swift; path = User.swift; sourceTree = "<group>"; };
		5CC72D6D220186A00077E723 /* Error.swift */ = {isa = PBXFileReference; lastKnownFileType = sourcecode.swift; path = Error.swift; sourceTree = "<group>"; };
		643E56349549ABC10EB2CDE2 /* Pods-OurSpace.release.xcconfig */ = {isa = PBXFileReference; includeInIndex = 1; lastKnownFileType = text.xcconfig; name = "Pods-OurSpace.release.xcconfig"; path = "Pods/Target Support Files/Pods-OurSpace/Pods-OurSpace.release.xcconfig"; sourceTree = "<group>"; };
		C5390C06192EE080D8435BDA /* Pods-OurSpace.debug.xcconfig */ = {isa = PBXFileReference; includeInIndex = 1; lastKnownFileType = text.xcconfig; name = "Pods-OurSpace.debug.xcconfig"; path = "Pods/Target Support Files/Pods-OurSpace/Pods-OurSpace.debug.xcconfig"; sourceTree = "<group>"; };
/* End PBXFileReference section */

/* Begin PBXFrameworksBuildPhase section */
		5CC72D4421FB0B3E0077E723 /* Frameworks */ = {
			isa = PBXFrameworksBuildPhase;
			buildActionMask = 2147483647;
			files = (
				1487DBB4C2B7EF941D33894D /* Pods_OurSpace.framework in Frameworks */,
			);
			runOnlyForDeploymentPostprocessing = 0;
		};
/* End PBXFrameworksBuildPhase section */

/* Begin PBXGroup section */
		5C6E5A5F21FCD4370045C88D /* Utils */ = {
			isa = PBXGroup;
			children = (
				5C6E5A6121FCD4710045C88D /* CommonExtensions.swift */,
				5CC72D5C21FEDCE90077E723 /* CommonReactive.swift */,
				5C6E5A6821FCFB340045C88D /* CustomNavigationView.swift */,
				5CC72D5E21FEE4E20077E723 /* App.swift */,
			);
			path = Utils;
			sourceTree = "<group>";
		};
		5C6E5A6021FCD4450045C88D /* Sources */ = {
			isa = PBXGroup;
			children = (
				5CC72D4A21FB0B3E0077E723 /* AppDelegate.swift */,
				5C6E5A5921FCC29B0045C88D /* ProvideObject.swift */,
				5C6E5A5F21FCD4370045C88D /* Utils */,
				5CC72D6021FFEF2B0077E723 /* Contents */,
			);
			path = Sources;
			sourceTree = "<group>";
		};
		5C6E5A6321FCE35B0045C88D /* Resources */ = {
			isa = PBXGroup;
			children = (
				5CC72D4E21FB0B3E0077E723 /* Main.storyboard */,
				5CC72D5121FB0B3E0077E723 /* Assets.xcassets */,
				5CC72D5321FB0B3E0077E723 /* LaunchScreen.storyboard */,
				5CC72D5621FB0B3E0077E723 /* Info.plist */,
				5C6E5A6E21FD6A920045C88D /* GoogleService-Info.plist */,
			);
			path = Resources;
			sourceTree = "<group>";
		};
		5C6E5A6421FCE3C40045C88D /* Start */ = {
			isa = PBXGroup;
			children = (
				5C6E5A5721FCBB4B0045C88D /* StartViewController.swift */,
			);
			path = Start;
			sourceTree = "<group>";
		};
		5C6E5A6521FCEA8A0045C88D /* CreateRoom */ = {
			isa = PBXGroup;
			children = (
				5C6E5A6621FCEABD0045C88D /* CreateRoomViewController.swift */,
				5C6E5A6C21FD69860045C88D /* CreateRoomViewModel.swift */,
			);
			path = CreateRoom;
			sourceTree = "<group>";
		};
		5CC72D3E21FB0B3E0077E723 = {
			isa = PBXGroup;
			children = (
				5CC72D4921FB0B3E0077E723 /* OurSpace */,
				5CC72D4821FB0B3E0077E723 /* Products */,
				8A45EFDEBCF3A2A765F8F6ED /* Pods */,
				B7F0A0AFC12ACEF6FCBE200A /* Frameworks */,
			);
			sourceTree = "<group>";
		};
		5CC72D4821FB0B3E0077E723 /* Products */ = {
			isa = PBXGroup;
			children = (
				5CC72D4721FB0B3E0077E723 /* OurSpace.app */,
			);
			name = Products;
			sourceTree = "<group>";
		};
		5CC72D4921FB0B3E0077E723 /* OurSpace */ = {
			isa = PBXGroup;
			children = (
				5C6E5A6021FCD4450045C88D /* Sources */,
				5C6E5A6321FCE35B0045C88D /* Resources */,
			);
			path = OurSpace;
			sourceTree = "<group>";
		};
		5CC72D6021FFEF2B0077E723 /* Contents */ = {
			isa = PBXGroup;
			children = (
				5CC72D6F220186A90077E723 /* Error */,
				5CC72D68220180BB0077E723 /* Model */,
				5C6E5A6421FCE3C40045C88D /* Start */,
				5C6E5A6521FCEA8A0045C88D /* CreateRoom */,
				5CC72D6121FFEF6B0077E723 /* CreateRoomInfo */,
			);
			path = Contents;
			sourceTree = "<group>";
		};
		5CC72D6121FFEF6B0077E723 /* CreateRoomInfo */ = {
			isa = PBXGroup;
			children = (
				5CC72D6221FFEF9E0077E723 /* CreateRoomInfoViewController.swift */,
				5CC72D6621FFF04E0077E723 /* CreateRoomInfoViewModel.swift */,
			);
			path = CreateRoomInfo;
			sourceTree = "<group>";
		};
		5CC72D68220180BB0077E723 /* Model */ = {
			isa = PBXGroup;
			children = (
				5CC72D69220180D20077E723 /* CreateRoom.swift */,
				5CC72D6B2201816A0077E723 /* User.swift */,
			);
			path = Model;
			sourceTree = "<group>";
		};
		5CC72D6F220186A90077E723 /* Error */ = {
			isa = PBXGroup;
			children = (
				5CC72D6D220186A00077E723 /* Error.swift */,
			);
			path = Error;
			sourceTree = "<group>";
		};
		8A45EFDEBCF3A2A765F8F6ED /* Pods */ = {
			isa = PBXGroup;
			children = (
				C5390C06192EE080D8435BDA /* Pods-OurSpace.debug.xcconfig */,
				643E56349549ABC10EB2CDE2 /* Pods-OurSpace.release.xcconfig */,
			);
			name = Pods;
			sourceTree = "<group>";
		};
		B7F0A0AFC12ACEF6FCBE200A /* Frameworks */ = {
			isa = PBXGroup;
			children = (
				1BB3F3D2EBE6E02B52E53CD2 /* Pods_OurSpace.framework */,
			);
			name = Frameworks;
			sourceTree = "<group>";
		};
/* End PBXGroup section */

/* Begin PBXNativeTarget section */
		5CC72D4621FB0B3E0077E723 /* OurSpace */ = {
			isa = PBXNativeTarget;
			buildConfigurationList = 5CC72D5921FB0B3E0077E723 /* Build configuration list for PBXNativeTarget "OurSpace" */;
			buildPhases = (
				F0A4CDE5C340921B3C7FAF8A /* [CP] Check Pods Manifest.lock */,
				5CC72D4321FB0B3E0077E723 /* Sources */,
				5CC72D4421FB0B3E0077E723 /* Frameworks */,
				5CC72D4521FB0B3E0077E723 /* Resources */,
				8314438F396CBF08C9483EF0 /* [CP] Embed Pods Frameworks */,
			);
			buildRules = (
			);
			dependencies = (
			);
			name = OurSpace;
			productName = OurSpace;
			productReference = 5CC72D4721FB0B3E0077E723 /* OurSpace.app */;
			productType = "com.apple.product-type.application";
		};
/* End PBXNativeTarget section */

/* Begin PBXProject section */
		5CC72D3F21FB0B3E0077E723 /* Project object */ = {
			isa = PBXProject;
			attributes = {
				LastSwiftUpdateCheck = 1010;
				LastUpgradeCheck = 1010;
				ORGANIZATIONNAME = "승진김";
				TargetAttributes = {
					5CC72D4621FB0B3E0077E723 = {
						CreatedOnToolsVersion = 10.1;
					};
				};
			};
			buildConfigurationList = 5CC72D4221FB0B3E0077E723 /* Build configuration list for PBXProject "OurSpace" */;
			compatibilityVersion = "Xcode 9.3";
			developmentRegion = en;
			hasScannedForEncodings = 0;
			knownRegions = (
				en,
				Base,
			);
			mainGroup = 5CC72D3E21FB0B3E0077E723;
			productRefGroup = 5CC72D4821FB0B3E0077E723 /* Products */;
			projectDirPath = "";
			projectRoot = "";
			targets = (
				5CC72D4621FB0B3E0077E723 /* OurSpace */,
			);
		};
/* End PBXProject section */

/* Begin PBXResourcesBuildPhase section */
		5CC72D4521FB0B3E0077E723 /* Resources */ = {
			isa = PBXResourcesBuildPhase;
			buildActionMask = 2147483647;
			files = (
				5CC72D5521FB0B3E0077E723 /* LaunchScreen.storyboard in Resources */,
				5CC72D5221FB0B3E0077E723 /* Assets.xcassets in Resources */,
				5C6E5A6F21FD6A920045C88D /* GoogleService-Info.plist in Resources */,
				5CC72D5021FB0B3E0077E723 /* Main.storyboard in Resources */,
			);
			runOnlyForDeploymentPostprocessing = 0;
		};
/* End PBXResourcesBuildPhase section */

/* Begin PBXShellScriptBuildPhase section */
		8314438F396CBF08C9483EF0 /* [CP] Embed Pods Frameworks */ = {
			isa = PBXShellScriptBuildPhase;
			buildActionMask = 2147483647;
			files = (
			);
			inputFileListPaths = (
			);
			inputPaths = (
				"${SRCROOT}/Pods/Target Support Files/Pods-OurSpace/Pods-OurSpace-frameworks.sh",
				"${BUILT_PRODUCTS_DIR}/Alamofire/Alamofire.framework",
				"${BUILT_PRODUCTS_DIR}/GTMSessionFetcher/GTMSessionFetcher.framework",
				"${BUILT_PRODUCTS_DIR}/GoogleUtilities/GoogleUtilities.framework",
				"${BUILT_PRODUCTS_DIR}/Kingfisher/Kingfisher.framework",
				"${BUILT_PRODUCTS_DIR}/Moya/Moya.framework",
				"${BUILT_PRODUCTS_DIR}/NVActivityIndicatorView/NVActivityIndicatorView.framework",
				"${BUILT_PRODUCTS_DIR}/Protobuf/Protobuf.framework",
				"${BUILT_PRODUCTS_DIR}/ReactorKit/ReactorKit.framework",
				"${BUILT_PRODUCTS_DIR}/Result/Result.framework",
				"${BUILT_PRODUCTS_DIR}/RxAtomic/RxAtomic.framework",
				"${BUILT_PRODUCTS_DIR}/RxCocoa/RxCocoa.framework",
				"${BUILT_PRODUCTS_DIR}/RxSwift/RxSwift.framework",
				"${BUILT_PRODUCTS_DIR}/SnapKit/SnapKit.framework",
				"${BUILT_PRODUCTS_DIR}/leveldb-library/leveldb.framework",
				"${BUILT_PRODUCTS_DIR}/nanopb/nanopb.framework",
			);
			name = "[CP] Embed Pods Frameworks";
			outputFileListPaths = (
			);
			outputPaths = (
				"${TARGET_BUILD_DIR}/${FRAMEWORKS_FOLDER_PATH}/Alamofire.framework",
				"${TARGET_BUILD_DIR}/${FRAMEWORKS_FOLDER_PATH}/GTMSessionFetcher.framework",
				"${TARGET_BUILD_DIR}/${FRAMEWORKS_FOLDER_PATH}/GoogleUtilities.framework",
				"${TARGET_BUILD_DIR}/${FRAMEWORKS_FOLDER_PATH}/Kingfisher.framework",
				"${TARGET_BUILD_DIR}/${FRAMEWORKS_FOLDER_PATH}/Moya.framework",
				"${TARGET_BUILD_DIR}/${FRAMEWORKS_FOLDER_PATH}/NVActivityIndicatorView.framework",
				"${TARGET_BUILD_DIR}/${FRAMEWORKS_FOLDER_PATH}/Protobuf.framework",
				"${TARGET_BUILD_DIR}/${FRAMEWORKS_FOLDER_PATH}/ReactorKit.framework",
				"${TARGET_BUILD_DIR}/${FRAMEWORKS_FOLDER_PATH}/Result.framework",
				"${TARGET_BUILD_DIR}/${FRAMEWORKS_FOLDER_PATH}/RxAtomic.framework",
				"${TARGET_BUILD_DIR}/${FRAMEWORKS_FOLDER_PATH}/RxCocoa.framework",
				"${TARGET_BUILD_DIR}/${FRAMEWORKS_FOLDER_PATH}/RxSwift.framework",
				"${TARGET_BUILD_DIR}/${FRAMEWORKS_FOLDER_PATH}/SnapKit.framework",
				"${TARGET_BUILD_DIR}/${FRAMEWORKS_FOLDER_PATH}/leveldb.framework",
				"${TARGET_BUILD_DIR}/${FRAMEWORKS_FOLDER_PATH}/nanopb.framework",
			);
			runOnlyForDeploymentPostprocessing = 0;
			shellPath = /bin/sh;
			shellScript = "\"${SRCROOT}/Pods/Target Support Files/Pods-OurSpace/Pods-OurSpace-frameworks.sh\"\n";
			showEnvVarsInLog = 0;
		};
		F0A4CDE5C340921B3C7FAF8A /* [CP] Check Pods Manifest.lock */ = {
			isa = PBXShellScriptBuildPhase;
			buildActionMask = 2147483647;
			files = (
			);
			inputFileListPaths = (
			);
			inputPaths = (
				"${PODS_PODFILE_DIR_PATH}/Podfile.lock",
				"${PODS_ROOT}/Manifest.lock",
			);
			name = "[CP] Check Pods Manifest.lock";
			outputFileListPaths = (
			);
			outputPaths = (
				"$(DERIVED_FILE_DIR)/Pods-OurSpace-checkManifestLockResult.txt",
			);
			runOnlyForDeploymentPostprocessing = 0;
			shellPath = /bin/sh;
			shellScript = "diff \"${PODS_PODFILE_DIR_PATH}/Podfile.lock\" \"${PODS_ROOT}/Manifest.lock\" > /dev/null\nif [ $? != 0 ] ; then\n    # print error to STDERR\n    echo \"error: The sandbox is not in sync with the Podfile.lock. Run 'pod install' or update your CocoaPods installation.\" >&2\n    exit 1\nfi\n# This output is used by Xcode 'outputs' to avoid re-running this script phase.\necho \"SUCCESS\" > \"${SCRIPT_OUTPUT_FILE_0}\"\n";
			showEnvVarsInLog = 0;
		};
/* End PBXShellScriptBuildPhase section */

/* Begin PBXSourcesBuildPhase section */
		5CC72D4321FB0B3E0077E723 /* Sources */ = {
			isa = PBXSourcesBuildPhase;
			buildActionMask = 2147483647;
			files = (
				5CC72D6C2201816A0077E723 /* User.swift in Sources */,
				5CC72D6721FFF04E0077E723 /* CreateRoomInfoViewModel.swift in Sources */,
				5CC72D5F21FEE4E20077E723 /* App.swift in Sources */,
				5C6E5A6D21FD69860045C88D /* CreateRoomViewModel.swift in Sources */,
				5C6E5A6721FCEABD0045C88D /* CreateRoomViewController.swift in Sources */,
				5CC72D4B21FB0B3E0077E723 /* AppDelegate.swift in Sources */,
				5CC72D5D21FEDCE90077E723 /* CommonReactive.swift in Sources */,
				5CC72D6321FFEF9E0077E723 /* CreateRoomInfoViewController.swift in Sources */,
				5C6E5A6921FCFB340045C88D /* CustomNavigationView.swift in Sources */,
				5CC72D6A220180D20077E723 /* CreateRoom.swift in Sources */,
				5C6E5A5A21FCC29B0045C88D /* ProvideObject.swift in Sources */,
				5C6E5A5821FCBB4B0045C88D /* StartViewController.swift in Sources */,
				5CC72D6E220186A00077E723 /* Error.swift in Sources */,
				5C6E5A6221FCD4710045C88D /* CommonExtensions.swift in Sources */,
			);
			runOnlyForDeploymentPostprocessing = 0;
		};
/* End PBXSourcesBuildPhase section */

/* Begin PBXVariantGroup section */
		5CC72D4E21FB0B3E0077E723 /* Main.storyboard */ = {
			isa = PBXVariantGroup;
			children = (
				5CC72D4F21FB0B3E0077E723 /* Base */,
			);
			name = Main.storyboard;
			sourceTree = "<group>";
		};
		5CC72D5321FB0B3E0077E723 /* LaunchScreen.storyboard */ = {
			isa = PBXVariantGroup;
			children = (
				5CC72D5421FB0B3E0077E723 /* Base */,
			);
			name = LaunchScreen.storyboard;
			sourceTree = "<group>";
		};
/* End PBXVariantGroup section */

/* Begin XCBuildConfiguration section */
		5CC72D5721FB0B3E0077E723 /* Debug */ = {
			isa = XCBuildConfiguration;
			buildSettings = {
				ALWAYS_SEARCH_USER_PATHS = NO;
				CLANG_ANALYZER_NONNULL = YES;
				CLANG_ANALYZER_NUMBER_OBJECT_CONVERSION = YES_AGGRESSIVE;
				CLANG_CXX_LANGUAGE_STANDARD = "gnu++14";
				CLANG_CXX_LIBRARY = "libc++";
				CLANG_ENABLE_MODULES = YES;
				CLANG_ENABLE_OBJC_ARC = YES;
				CLANG_ENABLE_OBJC_WEAK = YES;
				CLANG_WARN_BLOCK_CAPTURE_AUTORELEASING = YES;
				CLANG_WARN_BOOL_CONVERSION = YES;
				CLANG_WARN_COMMA = YES;
				CLANG_WARN_CONSTANT_CONVERSION = YES;
				CLANG_WARN_DEPRECATED_OBJC_IMPLEMENTATIONS = YES;
				CLANG_WARN_DIRECT_OBJC_ISA_USAGE = YES_ERROR;
				CLANG_WARN_DOCUMENTATION_COMMENTS = YES;
				CLANG_WARN_EMPTY_BODY = YES;
				CLANG_WARN_ENUM_CONVERSION = YES;
				CLANG_WARN_INFINITE_RECURSION = YES;
				CLANG_WARN_INT_CONVERSION = YES;
				CLANG_WARN_NON_LITERAL_NULL_CONVERSION = YES;
				CLANG_WARN_OBJC_IMPLICIT_RETAIN_SELF = YES;
				CLANG_WARN_OBJC_LITERAL_CONVERSION = YES;
				CLANG_WARN_OBJC_ROOT_CLASS = YES_ERROR;
				CLANG_WARN_RANGE_LOOP_ANALYSIS = YES;
				CLANG_WARN_STRICT_PROTOTYPES = YES;
				CLANG_WARN_SUSPICIOUS_MOVE = YES;
				CLANG_WARN_UNGUARDED_AVAILABILITY = YES_AGGRESSIVE;
				CLANG_WARN_UNREACHABLE_CODE = YES;
				CLANG_WARN__DUPLICATE_METHOD_MATCH = YES;
				CODE_SIGN_IDENTITY = "iPhone Developer";
				COPY_PHASE_STRIP = NO;
				DEBUG_INFORMATION_FORMAT = dwarf;
				ENABLE_STRICT_OBJC_MSGSEND = YES;
				ENABLE_TESTABILITY = YES;
				GCC_C_LANGUAGE_STANDARD = gnu11;
				GCC_DYNAMIC_NO_PIC = NO;
				GCC_NO_COMMON_BLOCKS = YES;
				GCC_OPTIMIZATION_LEVEL = 0;
				GCC_PREPROCESSOR_DEFINITIONS = (
					"DEBUG=1",
					"$(inherited)",
				);
				GCC_WARN_64_TO_32_BIT_CONVERSION = YES;
				GCC_WARN_ABOUT_RETURN_TYPE = YES_ERROR;
				GCC_WARN_UNDECLARED_SELECTOR = YES;
				GCC_WARN_UNINITIALIZED_AUTOS = YES_AGGRESSIVE;
				GCC_WARN_UNUSED_FUNCTION = YES;
				GCC_WARN_UNUSED_VARIABLE = YES;
				IPHONEOS_DEPLOYMENT_TARGET = 12.1;
				MTL_ENABLE_DEBUG_INFO = INCLUDE_SOURCE;
				MTL_FAST_MATH = YES;
				ONLY_ACTIVE_ARCH = YES;
				SDKROOT = iphoneos;
				SWIFT_ACTIVE_COMPILATION_CONDITIONS = DEBUG;
				SWIFT_OPTIMIZATION_LEVEL = "-Onone";
			};
			name = Debug;
		};
		5CC72D5821FB0B3E0077E723 /* Release */ = {
			isa = XCBuildConfiguration;
			buildSettings = {
				ALWAYS_SEARCH_USER_PATHS = NO;
				CLANG_ANALYZER_NONNULL = YES;
				CLANG_ANALYZER_NUMBER_OBJECT_CONVERSION = YES_AGGRESSIVE;
				CLANG_CXX_LANGUAGE_STANDARD = "gnu++14";
				CLANG_CXX_LIBRARY = "libc++";
				CLANG_ENABLE_MODULES = YES;
				CLANG_ENABLE_OBJC_ARC = YES;
				CLANG_ENABLE_OBJC_WEAK = YES;
				CLANG_WARN_BLOCK_CAPTURE_AUTORELEASING = YES;
				CLANG_WARN_BOOL_CONVERSION = YES;
				CLANG_WARN_COMMA = YES;
				CLANG_WARN_CONSTANT_CONVERSION = YES;
				CLANG_WARN_DEPRECATED_OBJC_IMPLEMENTATIONS = YES;
				CLANG_WARN_DIRECT_OBJC_ISA_USAGE = YES_ERROR;
				CLANG_WARN_DOCUMENTATION_COMMENTS = YES;
				CLANG_WARN_EMPTY_BODY = YES;
				CLANG_WARN_ENUM_CONVERSION = YES;
				CLANG_WARN_INFINITE_RECURSION = YES;
				CLANG_WARN_INT_CONVERSION = YES;
				CLANG_WARN_NON_LITERAL_NULL_CONVERSION = YES;
				CLANG_WARN_OBJC_IMPLICIT_RETAIN_SELF = YES;
				CLANG_WARN_OBJC_LITERAL_CONVERSION = YES;
				CLANG_WARN_OBJC_ROOT_CLASS = YES_ERROR;
				CLANG_WARN_RANGE_LOOP_ANALYSIS = YES;
				CLANG_WARN_STRICT_PROTOTYPES = YES;
				CLANG_WARN_SUSPICIOUS_MOVE = YES;
				CLANG_WARN_UNGUARDED_AVAILABILITY = YES_AGGRESSIVE;
				CLANG_WARN_UNREACHABLE_CODE = YES;
				CLANG_WARN__DUPLICATE_METHOD_MATCH = YES;
				CODE_SIGN_IDENTITY = "iPhone Developer";
				COPY_PHASE_STRIP = NO;
				DEBUG_INFORMATION_FORMAT = "dwarf-with-dsym";
				ENABLE_NS_ASSERTIONS = NO;
				ENABLE_STRICT_OBJC_MSGSEND = YES;
				GCC_C_LANGUAGE_STANDARD = gnu11;
				GCC_NO_COMMON_BLOCKS = YES;
				GCC_WARN_64_TO_32_BIT_CONVERSION = YES;
				GCC_WARN_ABOUT_RETURN_TYPE = YES_ERROR;
				GCC_WARN_UNDECLARED_SELECTOR = YES;
				GCC_WARN_UNINITIALIZED_AUTOS = YES_AGGRESSIVE;
				GCC_WARN_UNUSED_FUNCTION = YES;
				GCC_WARN_UNUSED_VARIABLE = YES;
				IPHONEOS_DEPLOYMENT_TARGET = 12.1;
				MTL_ENABLE_DEBUG_INFO = NO;
				MTL_FAST_MATH = YES;
				SDKROOT = iphoneos;
				SWIFT_COMPILATION_MODE = wholemodule;
				SWIFT_OPTIMIZATION_LEVEL = "-O";
				VALIDATE_PRODUCT = YES;
			};
			name = Release;
		};
		5CC72D5A21FB0B3E0077E723 /* Debug */ = {
			isa = XCBuildConfiguration;
			baseConfigurationReference = C5390C06192EE080D8435BDA /* Pods-OurSpace.debug.xcconfig */;
			buildSettings = {
				ASSETCATALOG_COMPILER_APPICON_NAME = AppIcon;
				CODE_SIGN_STYLE = Automatic;
				DEVELOPMENT_TEAM = CNMQE42DQF;
				INFOPLIST_FILE = "$(SRCROOT)/OurSpace/Resources/Info.plist";
				IPHONEOS_DEPLOYMENT_TARGET = 11.0;
				LD_RUNPATH_SEARCH_PATHS = (
					"$(inherited)",
					"@executable_path/Frameworks",
				);
				PRODUCT_BUNDLE_IDENTIFIER = com.jinShine.OurSpace;
				PRODUCT_NAME = "$(TARGET_NAME)";
				SWIFT_VERSION = 4.2;
				TARGETED_DEVICE_FAMILY = "1,2";
			};
			name = Debug;
		};
		5CC72D5B21FB0B3E0077E723 /* Release */ = {
			isa = XCBuildConfiguration;
			baseConfigurationReference = 643E56349549ABC10EB2CDE2 /* Pods-OurSpace.release.xcconfig */;
			buildSettings = {
				ASSETCATALOG_COMPILER_APPICON_NAME = AppIcon;
				CODE_SIGN_STYLE = Automatic;
				DEVELOPMENT_TEAM = CNMQE42DQF;
				INFOPLIST_FILE = "$(SRCROOT)/OurSpace/Resources/Info.plist";
				IPHONEOS_DEPLOYMENT_TARGET = 11.0;
				LD_RUNPATH_SEARCH_PATHS = (
					"$(inherited)",
					"@executable_path/Frameworks",
				);
				PRODUCT_BUNDLE_IDENTIFIER = com.jinShine.OurSpace;
				PRODUCT_NAME = "$(TARGET_NAME)";
				SWIFT_VERSION = 4.2;
				TARGETED_DEVICE_FAMILY = "1,2";
			};
			name = Release;
		};
/* End XCBuildConfiguration section */

/* Begin XCConfigurationList section */
		5CC72D4221FB0B3E0077E723 /* Build configuration list for PBXProject "OurSpace" */ = {
			isa = XCConfigurationList;
			buildConfigurations = (
				5CC72D5721FB0B3E0077E723 /* Debug */,
				5CC72D5821FB0B3E0077E723 /* Release */,
			);
			defaultConfigurationIsVisible = 0;
			defaultConfigurationName = Release;
		};
		5CC72D5921FB0B3E0077E723 /* Build configuration list for PBXNativeTarget "OurSpace" */ = {
			isa = XCConfigurationList;
			buildConfigurations = (
				5CC72D5A21FB0B3E0077E723 /* Debug */,
				5CC72D5B21FB0B3E0077E723 /* Release */,
			);
			defaultConfigurationIsVisible = 0;
			defaultConfigurationName = Release;
		};
/* End XCConfigurationList section */
	};
	rootObject = 5CC72D3F21FB0B3E0077E723 /* Project object */;
}
